{
  "name": "solohost-browser-hub",
  "version": "5.0.0",
  "lockfileVersion": 3,
  "requires": true,
  "packages": {
    "": {
      "name": "solohost-browser-hub",
      "version": "5.0.0",
      "dependencies": {
        "ws": "^8.18.3"
      }
    },
    "node_modules/ws": {
      "version": "8.18.3",
      "resolved": "https://registry.npmjs.org/ws/-/ws-8.18.3.tgz",
      "engines": {
        "node": ">=10.0.0"
      }
    }
  }
}
